// !$*UTF8*$!
{
	archiveVersion = 1;
	classes = {
	};
	objectVersion = 50;
	objects = {

/* Begin PBXBuildFile section */
		F922620C24CB0BFD008DB2CB /* DetailMovieViewController.swift in Sources */ = {isa = PBXBuildFile; fileRef = F922620B24CB0BFD008DB2CB /* DetailMovieViewController.swift */; };
		F922621224CEF268008DB2CB /* Movie.swift in Sources */ = {isa = PBXBuildFile; fileRef = F922621124CEF268008DB2CB /* Movie.swift */; };
		F9F0198224C4B23E007805AF /* AppDelegate.swift in Sources */ = {isa = PBXBuildFile; fileRef = F9F0198124C4B23E007805AF /* AppDelegate.swift */; };
		F9F0198B24C4B246007805AF /* Assets.xcassets in Resources */ = {isa = PBXBuildFile; fileRef = F9F0198A24C4B246007805AF /* Assets.xcassets */; };
		F9F0198E24C4B246007805AF /* LaunchScreen.storyboard in Resources */ = {isa = PBXBuildFile; fileRef = F9F0198C24C4B246007805AF /* LaunchScreen.storyboard */; };
		F9F0199624C5EBF7007805AF /* MoviesCollectionViewController.swift in Sources */ = {isa = PBXBuildFile; fileRef = F9F0199524C5EBF7007805AF /* MoviesCollectionViewController.swift */; };
		F9F0199824C5F11E007805AF /* TabBarController.swift in Sources */ = {isa = PBXBuildFile; fileRef = F9F0199724C5F11E007805AF /* TabBarController.swift */; };
		F9F0199A24C5F4B3007805AF /* FavoritesTableViewController.swift in Sources */ = {isa = PBXBuildFile; fileRef = F9F0199924C5F4B3007805AF /* FavoritesTableViewController.swift */; };
		F9F0199C24C5F6CF007805AF /* FavoritesTableViewCell.swift in Sources */ = {isa = PBXBuildFile; fileRef = F9F0199B24C5F6CF007805AF /* FavoritesTableViewCell.swift */; };
		F9F019A024C60C74007805AF /* MoviesCollectionViewCell.swift in Sources */ = {isa = PBXBuildFile; fileRef = F9F0199F24C60C74007805AF /* MoviesCollectionViewCell.swift */; };
		F9F019A624C7BF9C007805AF /* MovieJSON.swift in Sources */ = {isa = PBXBuildFile; fileRef = F9F019A524C7BF9B007805AF /* MovieJSON.swift */; };
/* End PBXBuildFile section */

/* Begin PBXFileReference section */
		F922620B24CB0BFD008DB2CB /* DetailMovieViewController.swift */ = {isa = PBXFileReference; lastKnownFileType = sourcecode.swift; path = DetailMovieViewController.swift; sourceTree = "<group>"; };
		F922621124CEF268008DB2CB /* Movie.swift */ = {isa = PBXFileReference; lastKnownFileType = sourcecode.swift; path = Movie.swift; sourceTree = "<group>"; };
		F9F0197E24C4B23E007805AF /* TheMovieDB.app */ = {isa = PBXFileReference; explicitFileType = wrapper.application; includeInIndex = 0; path = TheMovieDB.app; sourceTree = BUILT_PRODUCTS_DIR; };
		F9F0198124C4B23E007805AF /* AppDelegate.swift */ = {isa = PBXFileReference; lastKnownFileType = sourcecode.swift; path = AppDelegate.swift; sourceTree = "<group>"; };
		F9F0198A24C4B246007805AF /* Assets.xcassets */ = {isa = PBXFileReference; lastKnownFileType = folder.assetcatalog; path = Assets.xcassets; sourceTree = "<group>"; };
		F9F0198D24C4B246007805AF /* Base */ = {isa = PBXFileReference; lastKnownFileType = file.storyboard; name = Base; path = Base.lproj/LaunchScreen.storyboard; sourceTree = "<group>"; };
		F9F0198F24C4B246007805AF /* Info.plist */ = {isa = PBXFileReference; lastKnownFileType = text.plist.xml; path = Info.plist; sourceTree = "<group>"; };
		F9F0199524C5EBF7007805AF /* MoviesCollectionViewController.swift */ = {isa = PBXFileReference; lastKnownFileType = sourcecode.swift; path = MoviesCollectionViewController.swift; sourceTree = "<group>"; };
		F9F0199724C5F11E007805AF /* TabBarController.swift */ = {isa = PBXFileReference; lastKnownFileType = sourcecode.swift; path = TabBarController.swift; sourceTree = "<group>"; };
		F9F0199924C5F4B3007805AF /* FavoritesTableViewController.swift */ = {isa = PBXFileReference; lastKnownFileType = sourcecode.swift; path = FavoritesTableViewController.swift; sourceTree = "<group>"; };
		F9F0199B24C5F6CF007805AF /* FavoritesTableViewCell.swift */ = {isa = PBXFileReference; lastKnownFileType = sourcecode.swift; path = FavoritesTableViewCell.swift; sourceTree = "<group>"; };
		F9F0199F24C60C74007805AF /* MoviesCollectionViewCell.swift */ = {isa = PBXFileReference; lastKnownFileType = sourcecode.swift; path = MoviesCollectionViewCell.swift; sourceTree = "<group>"; };
		F9F019A524C7BF9B007805AF /* MovieJSON.swift */ = {isa = PBXFileReference; lastKnownFileType = sourcecode.swift; path = MovieJSON.swift; sourceTree = "<group>"; };
/* End PBXFileReference section */

/* Begin PBXFrameworksBuildPhase section */
		F9F0197B24C4B23E007805AF /* Frameworks */ = {
			isa = PBXFrameworksBuildPhase;
			buildActionMask = 2147483647;
			files = (
			);
			runOnlyForDeploymentPostprocessing = 0;
		};
/* End PBXFrameworksBuildPhase section */

/* Begin PBXGroup section */
		F9F0197524C4B23E007805AF = {
			isa = PBXGroup;
			children = (
				F9F0198024C4B23E007805AF /* TheMovieDB */,
				F9F0197F24C4B23E007805AF /* Products */,
			);
			sourceTree = "<group>";
		};
		F9F0197F24C4B23E007805AF /* Products */ = {
			isa = PBXGroup;
			children = (
				F9F0197E24C4B23E007805AF /* TheMovieDB.app */,
			);
			name = Products;
			sourceTree = "<group>";
		};
		F9F0198024C4B23E007805AF /* TheMovieDB */ = {
			isa = PBXGroup;
			children = (
				F9F0198124C4B23E007805AF /* AppDelegate.swift */,
				F9F019A224C73D70007805AF /* TabBar */,
				F9F019A124C73D58007805AF /* Movies */,
				F9F019A324C73D7E007805AF /* Favorites */,
				F9F0198A24C4B246007805AF /* Assets.xcassets */,
				F9F0198C24C4B246007805AF /* LaunchScreen.storyboard */,
				F9F0198F24C4B246007805AF /* Info.plist */,
			);
			path = TheMovieDB;
			sourceTree = "<group>";
		};
		F9F019A124C73D58007805AF /* Movies */ = {
			isa = PBXGroup;
			children = (
				F922620B24CB0BFD008DB2CB /* DetailMovieViewController.swift */,
				F9F019A424C7BF74007805AF /* Model */,
				F9F0199524C5EBF7007805AF /* MoviesCollectionViewController.swift */,
				F9F0199F24C60C74007805AF /* MoviesCollectionViewCell.swift */,
			);
			path = Movies;
			sourceTree = "<group>";
		};
		F9F019A224C73D70007805AF /* TabBar */ = {
			isa = PBXGroup;
			children = (
				F9F0199724C5F11E007805AF /* TabBarController.swift */,
			);
			path = TabBar;
			sourceTree = "<group>";
		};
		F9F019A324C73D7E007805AF /* Favorites */ = {
			isa = PBXGroup;
			children = (
				F9F0199924C5F4B3007805AF /* FavoritesTableViewController.swift */,
				F9F0199B24C5F6CF007805AF /* FavoritesTableViewCell.swift */,
			);
			path = Favorites;
			sourceTree = "<group>";
		};
		F9F019A424C7BF74007805AF /* Model */ = {
			isa = PBXGroup;
			children = (
				F9F019A524C7BF9B007805AF /* MovieJSON.swift */,
				F922621124CEF268008DB2CB /* Movie.swift */,
			);
			path = Model;
			sourceTree = "<group>";
		};
/* End PBXGroup section */

/* Begin PBXNativeTarget section */
		F9F0197D24C4B23E007805AF /* TheMovieDB */ = {
			isa = PBXNativeTarget;
			buildConfigurationList = F9F0199224C4B246007805AF /* Build configuration list for PBXNativeTarget "TheMovieDB" */;
			buildPhases = (
				F9F0197A24C4B23E007805AF /* Sources */,
				F9F0197B24C4B23E007805AF /* Frameworks */,
				F9F0197C24C4B23E007805AF /* Resources */,
			);
			buildRules = (
			);
			dependencies = (
			);
			name = TheMovieDB;
			productName = TheMoviewDB;
			productReference = F9F0197E24C4B23E007805AF /* TheMovieDB.app */;
			productType = "com.apple.product-type.application";
		};
/* End PBXNativeTarget section */

/* Begin PBXProject section */
		F9F0197624C4B23E007805AF /* Project object */ = {
			isa = PBXProject;
			attributes = {
				LastSwiftUpdateCheck = 1160;
				LastUpgradeCheck = 1160;
				ORGANIZATIONNAME = "Eduardo ";
				TargetAttributes = {
					F9F0197D24C4B23E007805AF = {
						CreatedOnToolsVersion = 11.6;
					};
				};
			};
			buildConfigurationList = F9F0197924C4B23E007805AF /* Build configuration list for PBXProject "TheMovieDB" */;
			compatibilityVersion = "Xcode 9.3";
			developmentRegion = en;
			hasScannedForEncodings = 0;
			knownRegions = (
				en,
				Base,
			);
			mainGroup = F9F0197524C4B23E007805AF;
			productRefGroup = F9F0197F24C4B23E007805AF /* Products */;
			projectDirPath = "";
			projectRoot = "";
			targets = (
				F9F0197D24C4B23E007805AF /* TheMovieDB */,
			);
		};
/* End PBXProject section */

/* Begin PBXResourcesBuildPhase section */
		F9F0197C24C4B23E007805AF /* Resources */ = {
			isa = PBXResourcesBuildPhase;
			buildActionMask = 2147483647;
			files = (
				F9F0198E24C4B246007805AF /* LaunchScreen.storyboard in Resources */,
				F9F0198B24C4B246007805AF /* Assets.xcassets in Resources */,
			);
			runOnlyForDeploymentPostprocessing = 0;
		};
/* End PBXResourcesBuildPhase section */

/* Begin PBXSourcesBuildPhase section */
		F9F0197A24C4B23E007805AF /* Sources */ = {
			isa = PBXSourcesBuildPhase;
			buildActionMask = 2147483647;
			files = (
				F9F019A624C7BF9C007805AF /* MovieJSON.swift in Sources */,
				F9F0199824C5F11E007805AF /* TabBarController.swift in Sources */,
				F9F0199624C5EBF7007805AF /* MoviesCollectionViewController.swift in Sources */,
				F9F0198224C4B23E007805AF /* AppDelegate.swift in Sources */,
				F922620C24CB0BFD008DB2CB /* DetailMovieViewController.swift in Sources */,
				F9F019A024C60C74007805AF /* MoviesCollectionViewCell.swift in Sources */,
				F9F0199C24C5F6CF007805AF /* FavoritesTableViewCell.swift in Sources */,
				F922621224CEF268008DB2CB /* Movie.swift in Sources */,
				F9F0199A24C5F4B3007805AF /* FavoritesTableViewController.swift in Sources */,
			);
			runOnlyForDeploymentPostprocessing = 0;
		};
/* End PBXSourcesBuildPhase section */

/* Begin PBXVariantGroup section */
		F9F0198C24C4B246007805AF /* LaunchScreen.storyboard */ = {
			isa = PBXVariantGroup;
			children = (
				F9F0198D24C4B246007805AF /* Base */,
			);
			name = LaunchScreen.storyboard;
			sourceTree = "<group>";
		};
/* End PBXVariantGroup section */

/* Begin XCBuildConfiguration section */
		F9F0199024C4B246007805AF /* Debug */ = {
			isa = XCBuildConfiguration;
			buildSettings = {
				ALWAYS_SEARCH_USER_PATHS = NO;
				CLANG_ANALYZER_NONNULL = YES;
				CLANG_ANALYZER_NUMBER_OBJECT_CONVERSION = YES_AGGRESSIVE;
				CLANG_CXX_LANGUAGE_STANDARD = "gnu++14";
				CLANG_CXX_LIBRARY = "libc++";
				CLANG_ENABLE_MODULES = YES;
				CLANG_ENABLE_OBJC_ARC = YES;
				CLANG_ENABLE_OBJC_WEAK = YES;
				CLANG_WARN_BLOCK_CAPTURE_AUTORELEASING = YES;
				CLANG_WARN_BOOL_CONVERSION = YES;
				CLANG_WARN_COMMA = YES;
				CLANG_WARN_CONSTANT_CONVERSION = YES;
				CLANG_WARN_DEPRECATED_OBJC_IMPLEMENTATIONS = YES;
				CLANG_WARN_DIRECT_OBJC_ISA_USAGE = YES_ERROR;
				CLANG_WARN_DOCUMENTATION_COMMENTS = YES;
				CLANG_WARN_EMPTY_BODY = YES;
				CLANG_WARN_ENUM_CONVERSION = YES;
				CLANG_WARN_INFINITE_RECURSION = YES;
				CLANG_WARN_INT_CONVERSION = YES;
				CLANG_WARN_NON_LITERAL_NULL_CONVERSION = YES;
				CLANG_WARN_OBJC_IMPLICIT_RETAIN_SELF = YES;
				CLANG_WARN_OBJC_LITERAL_CONVERSION = YES;
				CLANG_WARN_OBJC_ROOT_CLASS = YES_ERROR;
				CLANG_WARN_RANGE_LOOP_ANALYSIS = YES;
				CLANG_WARN_STRICT_PROTOTYPES = YES;
				CLANG_WARN_SUSPICIOUS_MOVE = YES;
				CLANG_WARN_UNGUARDED_AVAILABILITY = YES_AGGRESSIVE;
				CLANG_WARN_UNREACHABLE_CODE = YES;
				CLANG_WARN__DUPLICATE_METHOD_MATCH = YES;
				COPY_PHASE_STRIP = NO;
				DEBUG_INFORMATION_FORMAT = dwarf;
				ENABLE_STRICT_OBJC_MSGSEND = YES;
				ENABLE_TESTABILITY = YES;
				GCC_C_LANGUAGE_STANDARD = gnu11;
				GCC_DYNAMIC_NO_PIC = NO;
				GCC_NO_COMMON_BLOCKS = YES;
				GCC_OPTIMIZATION_LEVEL = 0;
				GCC_PREPROCESSOR_DEFINITIONS = (
					"DEBUG=1",
					"$(inherited)",
				);
				GCC_WARN_64_TO_32_BIT_CONVERSION = YES;
				GCC_WARN_ABOUT_RETURN_TYPE = YES_ERROR;
				GCC_WARN_UNDECLARED_SELECTOR = YES;
				GCC_WARN_UNINITIALIZED_AUTOS = YES_AGGRESSIVE;
				GCC_WARN_UNUSED_FUNCTION = YES;
				GCC_WARN_UNUSED_VARIABLE = YES;
				IPHONEOS_DEPLOYMENT_TARGET = 13.6;
				MTL_ENABLE_DEBUG_INFO = INCLUDE_SOURCE;
				MTL_FAST_MATH = YES;
				ONLY_ACTIVE_ARCH = YES;
				SDKROOT = iphoneos;
				SWIFT_ACTIVE_COMPILATION_CONDITIONS = DEBUG;
				SWIFT_OPTIMIZATION_LEVEL = "-Onone";
			};
			name = Debug;
		};
		F9F0199124C4B246007805AF /* Release */ = {
			isa = XCBuildConfiguration;
			buildSettings = {
				ALWAYS_SEARCH_USER_PATHS = NO;
				CLANG_ANALYZER_NONNULL = YES;
				CLANG_ANALYZER_NUMBER_OBJECT_CONVERSION = YES_AGGRESSIVE;
				CLANG_CXX_LANGUAGE_STANDARD = "gnu++14";
				CLANG_CXX_LIBRARY = "libc++";
				CLANG_ENABLE_MODULES = YES;
				CLANG_ENABLE_OBJC_ARC = YES;
				CLANG_ENABLE_OBJC_WEAK = YES;
				CLANG_WARN_BLOCK_CAPTURE_AUTORELEASING = YES;
				CLANG_WARN_BOOL_CONVERSION = YES;
				CLANG_WARN_COMMA = YES;
				CLANG_WARN_CONSTANT_CONVERSION = YES;
				CLANG_WARN_DEPRECATED_OBJC_IMPLEMENTATIONS = YES;
				CLANG_WARN_DIRECT_OBJC_ISA_USAGE = YES_ERROR;
				CLANG_WARN_DOCUMENTATION_COMMENTS = YES;
				CLANG_WARN_EMPTY_BODY = YES;
				CLANG_WARN_ENUM_CONVERSION = YES;
				CLANG_WARN_INFINITE_RECURSION = YES;
				CLANG_WARN_INT_CONVERSION = YES;
				CLANG_WARN_NON_LITERAL_NULL_CONVERSION = YES;
				CLANG_WARN_OBJC_IMPLICIT_RETAIN_SELF = YES;
				CLANG_WARN_OBJC_LITERAL_CONVERSION = YES;
				CLANG_WARN_OBJC_ROOT_CLASS = YES_ERROR;
				CLANG_WARN_RANGE_LOOP_ANALYSIS = YES;
				CLANG_WARN_STRICT_PROTOTYPES = YES;
				CLANG_WARN_SUSPICIOUS_MOVE = YES;
				CLANG_WARN_UNGUARDED_AVAILABILITY = YES_AGGRESSIVE;
				CLANG_WARN_UNREACHABLE_CODE = YES;
				CLANG_WARN__DUPLICATE_METHOD_MATCH = YES;
				COPY_PHASE_STRIP = NO;
				DEBUG_INFORMATION_FORMAT = "dwarf-with-dsym";
				ENABLE_NS_ASSERTIONS = NO;
				ENABLE_STRICT_OBJC_MSGSEND = YES;
				GCC_C_LANGUAGE_STANDARD = gnu11;
				GCC_NO_COMMON_BLOCKS = YES;
				GCC_WARN_64_TO_32_BIT_CONVERSION = YES;
				GCC_WARN_ABOUT_RETURN_TYPE = YES_ERROR;
				GCC_WARN_UNDECLARED_SELECTOR = YES;
				GCC_WARN_UNINITIALIZED_AUTOS = YES_AGGRESSIVE;
				GCC_WARN_UNUSED_FUNCTION = YES;
				GCC_WARN_UNUSED_VARIABLE = YES;
				IPHONEOS_DEPLOYMENT_TARGET = 13.6;
				MTL_ENABLE_DEBUG_INFO = NO;
				MTL_FAST_MATH = YES;
				SDKROOT = iphoneos;
				SWIFT_COMPILATION_MODE = wholemodule;
				SWIFT_OPTIMIZATION_LEVEL = "-O";
				VALIDATE_PRODUCT = YES;
			};
			name = Release;
		};
		F9F0199324C4B246007805AF /* Debug */ = {
			isa = XCBuildConfiguration;
			buildSettings = {
				ASSETCATALOG_COMPILER_APPICON_NAME = AppIcon;
				CODE_SIGN_STYLE = Automatic;
				DEVELOPMENT_TEAM = 8NY9G9332F;
				INFOPLIST_FILE = TheMovieDB/Info.plist;
				LD_RUNPATH_SEARCH_PATHS = (
					"$(inherited)",
					"@executable_path/Frameworks",
				);
				PRODUCT_BUNDLE_IDENTIFIER = com.eduardo.TheMovieDB;
				PRODUCT_NAME = "$(TARGET_NAME)";
				SWIFT_VERSION = 5.0;
				TARGETED_DEVICE_FAMILY = "1,2";
			};
			name = Debug;
		};
		F9F0199424C4B246007805AF /* Release */ = {
			isa = XCBuildConfiguration;
			buildSettings = {
				ASSETCATALOG_COMPILER_APPICON_NAME = AppIcon;
				CODE_SIGN_STYLE = Automatic;
				DEVELOPMENT_TEAM = 8NY9G9332F;
				INFOPLIST_FILE = TheMovieDB/Info.plist;
				LD_RUNPATH_SEARCH_PATHS = (
					"$(inherited)",
					"@executable_path/Frameworks",
				);
				PRODUCT_BUNDLE_IDENTIFIER = com.eduardo.TheMovieDB;
				PRODUCT_NAME = "$(TARGET_NAME)";
				SWIFT_VERSION = 5.0;
				TARGETED_DEVICE_FAMILY = "1,2";
			};
			name = Release;
		};
/* End XCBuildConfiguration section */

/* Begin XCConfigurationList section */
		F9F0197924C4B23E007805AF /* Build configuration list for PBXProject "TheMovieDB" */ = {
			isa = XCConfigurationList;
			buildConfigurations = (
				F9F0199024C4B246007805AF /* Debug */,
				F9F0199124C4B246007805AF /* Release */,
			);
			defaultConfigurationIsVisible = 0;
			defaultConfigurationName = Release;
		};
		F9F0199224C4B246007805AF /* Build configuration list for PBXNativeTarget "TheMovieDB" */ = {
			isa = XCConfigurationList;
			buildConfigurations = (
				F9F0199324C4B246007805AF /* Debug */,
				F9F0199424C4B246007805AF /* Release */,
			);
			defaultConfigurationIsVisible = 0;
			defaultConfigurationName = Release;
		};
/* End XCConfigurationList section */
	};
	rootObject = F9F0197624C4B23E007805AF /* Project object */;
}
